
Microsoft Visual Studio Solution File, Format Version 12.00
# Visual Studio Version 17
VisualStudioVersion = 17.7.34031.279
MinimumVisualStudioVersion = 10.0.40219.1
Project("{FAE04EC0-301F-11D3-BF4B-00C04F79EFBC}") = "Tutorial MonoGame Lesson One I don't Care You know you handing this is right", "Tutorial MonoGame Lesson One I don't Care You know you handing this is right.csproj", "{D57652D2-9662-45D0-87E2-7F478293B54A}"
EndProject
Global
	GlobalSection(SolutionConfigurationPlatforms) = preSolution
		Debug|Any CPU = Debug|Any CPU
		Release|Any CPU = Release|Any CPU
	EndGlobalSection
	GlobalSection(ProjectConfigurationPlatforms) = postSolution
		{D57652D2-9662-45D0-87E2-7F478293B54A}.Debug|Any CPU.ActiveCfg = Debug|Any CPU
		{D57652D2-9662-45D0-87E2-7F478293B54A}.Debug|Any CPU.Build.0 = Debug|Any CPU
		{D57652D2-9662-45D0-87E2-7F478293B54A}.Release|Any CPU.ActiveCfg = Release|Any CPU
		{D57652D2-9662-45D0-87E2-7F478293B54A}.Release|Any CPU.Build.0 = Release|Any CPU
	EndGlobalSection
	GlobalSection(SolutionProperties) = preSolution
		HideSolutionNode = FALSE
	EndGlobalSection
	GlobalSection(ExtensibilityGlobals) = postSolution
		SolutionGuid = {CCAEF32C-F16F-42BD-9F10-D4E5543DB0B6}
	EndGlobalSection
EndGlobal
